// !$*UTF8*$!
{
	archiveVersion = 1;
	classes = {
	};
	objectVersion = 51;
	objects = {

/* Begin PBXBuildFile section */
		043DD51122D85C20003EF0D2 /* BarStoryBoard.storyboard in Resources */ = {isa = PBXBuildFile; fileRef = 043DD51022D85C20003EF0D2 /* BarStoryBoard.storyboard */; };
		043DD51522D8688C003EF0D2 /* BarChartViewController.swift in Sources */ = {isa = PBXBuildFile; fileRef = 043DD51422D8688C003EF0D2 /* BarChartViewController.swift */; };
		043DD51A22D89B51003EF0D2 /* CalemoData.xcdatamodeld in Sources */ = {isa = PBXBuildFile; fileRef = 043DD51822D89B51003EF0D2 /* CalemoData.xcdatamodeld */; };
		045F3FF322DC3D8C00615168 /* HomeViewController.swift in Sources */ = {isa = PBXBuildFile; fileRef = 045F3FF222DC3D8C00615168 /* HomeViewController.swift */; };
		045F3FF522DC3DAC00615168 /* Home.storyboard in Resources */ = {isa = PBXBuildFile; fileRef = 045F3FF422DC3DAC00615168 /* Home.storyboard */; };
		045F3FF822DC6BCE00615168 /* DataManager.swift in Sources */ = {isa = PBXBuildFile; fileRef = 045F3FF722DC6BCE00615168 /* DataManager.swift */; };
		045F3FFF22DC6E8800615168 /* HomeCell.swift in Sources */ = {isa = PBXBuildFile; fileRef = 045F3FFD22DC6E8800615168 /* HomeCell.swift */; };
		045F400422DD854200615168 /* MeViewController.swift in Sources */ = {isa = PBXBuildFile; fileRef = 045F400222DD854200615168 /* MeViewController.swift */; };
		045F400722DD855600615168 /* Me.storyboard in Resources */ = {isa = PBXBuildFile; fileRef = 045F400622DD855600615168 /* Me.storyboard */; };
		045F400A22DD8AF700615168 /* JournalViewController.swift in Sources */ = {isa = PBXBuildFile; fileRef = 045F400922DD8AF700615168 /* JournalViewController.swift */; };
		045F400C22DD8B0200615168 /* Journal.storyboard in Resources */ = {isa = PBXBuildFile; fileRef = 045F400B22DD8B0200615168 /* Journal.storyboard */; };
		045F400E22DD8D9B00615168 /* OnBoardingViewController.swift in Sources */ = {isa = PBXBuildFile; fileRef = 045F400D22DD8D9B00615168 /* OnBoardingViewController.swift */; };
		045F401022DD8DC500615168 /* EditJournalViewController.swift in Sources */ = {isa = PBXBuildFile; fileRef = 045F400F22DD8DC500615168 /* EditJournalViewController.swift */; };
		045F401222DDF70E00615168 /* AddNewCell.swift in Sources */ = {isa = PBXBuildFile; fileRef = 045F401122DDF70E00615168 /* AddNewCell.swift */; };
		045F401622DE0A5B00615168 /* DetailJournalViewController.swift in Sources */ = {isa = PBXBuildFile; fileRef = 045F401522DE0A5B00615168 /* DetailJournalViewController.swift */; };
		045F401922DE0B0700615168 /* OnBoarding.storyboard in Resources */ = {isa = PBXBuildFile; fileRef = 045F401822DE0B0700615168 /* OnBoarding.storyboard */; };
		0477A80922CA1114002C4AC5 /* AppDelegate.swift in Sources */ = {isa = PBXBuildFile; fileRef = 0477A80822CA1114002C4AC5 /* AppDelegate.swift */; };
		0477A80B22CA1114002C4AC5 /* ListJournal.swift in Sources */ = {isa = PBXBuildFile; fileRef = 0477A80A22CA1114002C4AC5 /* ListJournal.swift */; };
		0477A80E22CA1114002C4AC5 /* Main.storyboard in Resources */ = {isa = PBXBuildFile; fileRef = 0477A80C22CA1114002C4AC5 /* Main.storyboard */; };
		0477A81022CA1117002C4AC5 /* Assets.xcassets in Resources */ = {isa = PBXBuildFile; fileRef = 0477A80F22CA1117002C4AC5 /* Assets.xcassets */; };
		0477A81322CA1117002C4AC5 /* LaunchScreen.storyboard in Resources */ = {isa = PBXBuildFile; fileRef = 0477A81122CA1117002C4AC5 /* LaunchScreen.storyboard */; };
		B126180D22DB76270055D357 /* CalemoCollectionViewCell.swift in Sources */ = {isa = PBXBuildFile; fileRef = B126180C22DB76270055D357 /* CalemoCollectionViewCell.swift */; };
		B126182F22DC856E0055D357 /* CreateJournal.swift in Sources */ = {isa = PBXBuildFile; fileRef = B126182E22DC856E0055D357 /* CreateJournal.swift */; };
		B126183122DCB8B30055D357 /* Feeling.swift in Sources */ = {isa = PBXBuildFile; fileRef = B126183022DCB8B30055D357 /* Feeling.swift */; };
		B126183522DDC50B0055D357 /* ayam.jpg in Resources */ = {isa = PBXBuildFile; fileRef = B126183422DDC50B0055D357 /* ayam.jpg */; };
		B126183B22DDCE8F0055D357 /* CJ - Centering (First).png in Resources */ = {isa = PBXBuildFile; fileRef = B126183A22DDCE8F0055D357 /* CJ - Centering (First).png */; };
		B126183D22DDD2280055D357 /* Button Next.png in Resources */ = {isa = PBXBuildFile; fileRef = B126183C22DDD2280055D357 /* Button Next.png */; };
		B126183F22DDDFD40055D357 /* Cause.swift in Sources */ = {isa = PBXBuildFile; fileRef = B126183E22DDDFD40055D357 /* Cause.swift */; };
		B126184122DDE0C40055D357 /* WhatDid.swift in Sources */ = {isa = PBXBuildFile; fileRef = B126184022DDE0C40055D357 /* WhatDid.swift */; };
		B126184322DDE10B0055D357 /* WhatMistake.swift in Sources */ = {isa = PBXBuildFile; fileRef = B126184222DDE10B0055D357 /* WhatMistake.swift */; };
		B126184522DDE1300055D357 /* WhatImprove.swift in Sources */ = {isa = PBXBuildFile; fileRef = B126184422DDE1300055D357 /* WhatImprove.swift */; };
		B126184722DDE1610055D357 /* FutureNote.swift in Sources */ = {isa = PBXBuildFile; fileRef = B126184622DDE1610055D357 /* FutureNote.swift */; };
		B126184922DDE3970055D357 /* Rectangle.png in Resources */ = {isa = PBXBuildFile; fileRef = B126184822DDE3970055D357 /* Rectangle.png */; };
/* End PBXBuildFile section */

/* Begin PBXFileReference section */
		043DD51022D85C20003EF0D2 /* BarStoryBoard.storyboard */ = {isa = PBXFileReference; lastKnownFileType = file.storyboard; path = BarStoryBoard.storyboard; sourceTree = "<group>"; };
		043DD51422D8688C003EF0D2 /* BarChartViewController.swift */ = {isa = PBXFileReference; lastKnownFileType = sourcecode.swift; path = BarChartViewController.swift; sourceTree = "<group>"; };
		043DD51922D89B51003EF0D2 /* CalemoData.xcdatamodel */ = {isa = PBXFileReference; lastKnownFileType = wrapper.xcdatamodel; path = CalemoData.xcdatamodel; sourceTree = "<group>"; };
		045F3FF222DC3D8C00615168 /* HomeViewController.swift */ = {isa = PBXFileReference; lastKnownFileType = sourcecode.swift; path = HomeViewController.swift; sourceTree = "<group>"; };
		045F3FF422DC3DAC00615168 /* Home.storyboard */ = {isa = PBXFileReference; lastKnownFileType = file.storyboard; path = Home.storyboard; sourceTree = "<group>"; };
		045F3FF722DC6BCE00615168 /* DataManager.swift */ = {isa = PBXFileReference; lastKnownFileType = sourcecode.swift; path = DataManager.swift; sourceTree = "<group>"; };
		045F3FFD22DC6E8800615168 /* HomeCell.swift */ = {isa = PBXFileReference; lastKnownFileType = sourcecode.swift; path = HomeCell.swift; sourceTree = "<group>"; };
		045F400222DD854200615168 /* MeViewController.swift */ = {isa = PBXFileReference; lastKnownFileType = sourcecode.swift; path = MeViewController.swift; sourceTree = "<group>"; };
		045F400622DD855600615168 /* Me.storyboard */ = {isa = PBXFileReference; lastKnownFileType = file.storyboard; path = Me.storyboard; sourceTree = "<group>"; };
		045F400922DD8AF700615168 /* JournalViewController.swift */ = {isa = PBXFileReference; lastKnownFileType = sourcecode.swift; path = JournalViewController.swift; sourceTree = "<group>"; };
		045F400B22DD8B0200615168 /* Journal.storyboard */ = {isa = PBXFileReference; lastKnownFileType = file.storyboard; path = Journal.storyboard; sourceTree = "<group>"; };
		045F400D22DD8D9B00615168 /* OnBoardingViewController.swift */ = {isa = PBXFileReference; lastKnownFileType = sourcecode.swift; path = OnBoardingViewController.swift; sourceTree = "<group>"; };
		045F400F22DD8DC500615168 /* EditJournalViewController.swift */ = {isa = PBXFileReference; lastKnownFileType = sourcecode.swift; path = EditJournalViewController.swift; sourceTree = "<group>"; };
		045F401122DDF70E00615168 /* AddNewCell.swift */ = {isa = PBXFileReference; lastKnownFileType = sourcecode.swift; path = AddNewCell.swift; sourceTree = "<group>"; };
		045F401522DE0A5B00615168 /* DetailJournalViewController.swift */ = {isa = PBXFileReference; lastKnownFileType = sourcecode.swift; path = DetailJournalViewController.swift; sourceTree = "<group>"; };
		045F401822DE0B0700615168 /* OnBoarding.storyboard */ = {isa = PBXFileReference; lastKnownFileType = file.storyboard; path = OnBoarding.storyboard; sourceTree = "<group>"; };
		0477A80522CA1114002C4AC5 /* CalemoProject.app */ = {isa = PBXFileReference; explicitFileType = wrapper.application; includeInIndex = 0; path = CalemoProject.app; sourceTree = BUILT_PRODUCTS_DIR; };
		0477A80822CA1114002C4AC5 /* AppDelegate.swift */ = {isa = PBXFileReference; lastKnownFileType = sourcecode.swift; path = AppDelegate.swift; sourceTree = "<group>"; };
		0477A80A22CA1114002C4AC5 /* ListJournal.swift */ = {isa = PBXFileReference; lastKnownFileType = sourcecode.swift; path = ListJournal.swift; sourceTree = "<group>"; };
		0477A80D22CA1114002C4AC5 /* Base */ = {isa = PBXFileReference; lastKnownFileType = file.storyboard; name = Base; path = Base.lproj/Main.storyboard; sourceTree = "<group>"; };
		0477A80F22CA1117002C4AC5 /* Assets.xcassets */ = {isa = PBXFileReference; lastKnownFileType = folder.assetcatalog; path = Assets.xcassets; sourceTree = "<group>"; };
		0477A81222CA1117002C4AC5 /* Base */ = {isa = PBXFileReference; lastKnownFileType = file.storyboard; name = Base; path = Base.lproj/LaunchScreen.storyboard; sourceTree = "<group>"; };
		0477A81422CA1117002C4AC5 /* Info.plist */ = {isa = PBXFileReference; lastKnownFileType = text.plist.xml; path = Info.plist; sourceTree = "<group>"; };
		B126180C22DB76270055D357 /* CalemoCollectionViewCell.swift */ = {isa = PBXFileReference; lastKnownFileType = sourcecode.swift; path = CalemoCollectionViewCell.swift; sourceTree = "<group>"; };
		B126182E22DC856E0055D357 /* CreateJournal.swift */ = {isa = PBXFileReference; lastKnownFileType = sourcecode.swift; path = CreateJournal.swift; sourceTree = "<group>"; };
		B126183022DCB8B30055D357 /* Feeling.swift */ = {isa = PBXFileReference; lastKnownFileType = sourcecode.swift; path = Feeling.swift; sourceTree = "<group>"; };
		B126183422DDC50B0055D357 /* ayam.jpg */ = {isa = PBXFileReference; lastKnownFileType = image.jpeg; path = ayam.jpg; sourceTree = "<group>"; };
		B126183A22DDCE8F0055D357 /* CJ - Centering (First).png */ = {isa = PBXFileReference; lastKnownFileType = image.png; path = "CJ - Centering (First).png"; sourceTree = "<group>"; };
		B126183C22DDD2280055D357 /* Button Next.png */ = {isa = PBXFileReference; lastKnownFileType = image.png; path = "Button Next.png"; sourceTree = "<group>"; };
		B126183E22DDDFD40055D357 /* Cause.swift */ = {isa = PBXFileReference; lastKnownFileType = sourcecode.swift; path = Cause.swift; sourceTree = "<group>"; };
		B126184022DDE0C40055D357 /* WhatDid.swift */ = {isa = PBXFileReference; lastKnownFileType = sourcecode.swift; path = WhatDid.swift; sourceTree = "<group>"; };
		B126184222DDE10B0055D357 /* WhatMistake.swift */ = {isa = PBXFileReference; lastKnownFileType = sourcecode.swift; path = WhatMistake.swift; sourceTree = "<group>"; };
		B126184422DDE1300055D357 /* WhatImprove.swift */ = {isa = PBXFileReference; lastKnownFileType = sourcecode.swift; path = WhatImprove.swift; sourceTree = "<group>"; };
		B126184622DDE1610055D357 /* FutureNote.swift */ = {isa = PBXFileReference; lastKnownFileType = sourcecode.swift; path = FutureNote.swift; sourceTree = "<group>"; };
		B126184822DDE3970055D357 /* Rectangle.png */ = {isa = PBXFileReference; lastKnownFileType = image.png; path = Rectangle.png; sourceTree = "<group>"; };
/* End PBXFileReference section */

/* Begin PBXFrameworksBuildPhase section */
		0477A80222CA1114002C4AC5 /* Frameworks */ = {
			isa = PBXFrameworksBuildPhase;
			buildActionMask = 2147483647;
			files = (
				694C2F8BB60DCA12EE48C196 /* Pods_CalemoProject.framework in Frameworks */,
			);
			runOnlyForDeploymentPostprocessing = 0;
		};
/* End PBXFrameworksBuildPhase section */

/* Begin PBXGroup section */
		045F3FF622DC47D500615168 /* CalemoController */ = {
			isa = PBXGroup;
			children = (
				045F3FF222DC3D8C00615168 /* HomeViewController.swift */,
				045F3FF422DC3DAC00615168 /* Home.storyboard */,
				045F3FFD22DC6E8800615168 /* HomeCell.swift */,
				045F401122DDF70E00615168 /* AddNewCell.swift */,
			);
			path = CalemoController;
			sourceTree = "<group>";
		};
		045F400122DD852500615168 /* MeController */ = {
			isa = PBXGroup;
			children = (
				045F400222DD854200615168 /* MeViewController.swift */,
				045F400622DD855600615168 /* Me.storyboard */,
			);
			path = MeController;
			sourceTree = "<group>";
		};
		045F400822DD8AE300615168 /* JournalController */ = {
			isa = PBXGroup;
			children = (
				045F400922DD8AF700615168 /* JournalViewController.swift */,
				045F400F22DD8DC500615168 /* EditJournalViewController.swift */,
				045F400B22DD8B0200615168 /* Journal.storyboard */,
				045F401522DE0A5B00615168 /* DetailJournalViewController.swift */,
			);
			path = JournalController;
			sourceTree = "<group>";
		};
		045F401722DE0ABF00615168 /* OnBoarding */ = {
			isa = PBXGroup;
			children = (
				D580E53022DCA96E003FC12D /* slide.swift */,
				D580E53822DDAF4A003FC12D /* slide.xib */,
				045F400D22DD8D9B00615168 /* OnBoardingViewController.swift */,
				D580E53622DCB411003FC12D /* homeViewController.swift */,
				D580E53A22DDC201003FC12D /* userNameController.swift */,
				045F401822DE0B0700615168 /* OnBoarding.storyboard */,
			);
			path = OnBoarding;
			sourceTree = "<group>";
		};
		0477A7FC22CA1114002C4AC5 = {
			isa = PBXGroup;
			children = (
				0477A80722CA1114002C4AC5 /* CalemoProject */,
				0477A80622CA1114002C4AC5 /* Products */,
				B37650E2B740710449DF5138 /* Pods */,
				1558F69F34EE5C82BB409187 /* Frameworks */,
			);
			sourceTree = "<group>";
		};
		0477A80622CA1114002C4AC5 /* Products */ = {
			isa = PBXGroup;
			children = (
				0477A80522CA1114002C4AC5 /* CalemoProject.app */,
			);
			name = Products;
			sourceTree = "<group>";
		};
		0477A80722CA1114002C4AC5 /* CalemoProject */ = {
			isa = PBXGroup;
			children = (
				045F3FF722DC6BCE00615168 /* DataManager.swift */,
				0477A80A22CA1114002C4AC5 /* ExtensionClass.swift */,
				045F400822DD8AE300615168 /* JournalController */,
				045F400122DD852500615168 /* MeController */,
				045F3FF622DC47D500615168 /* CalemoController */,
				04E3A1A822D8370D008D99FF /* GraphController */,
				045F401722DE0ABF00615168 /* OnBoarding */,
				0477A80822CA1114002C4AC5 /* AppDelegate.swift */,
				0477A80C22CA1114002C4AC5 /* Main.storyboard */,
				0477A80A22CA1114002C4AC5 /* ListJournal.swift */,
				B126180C22DB76270055D357 /* CalemoCollectionViewCell.swift */,
				B126183E22DDDFD40055D357 /* Cause.swift */,
				B126184022DDE0C40055D357 /* WhatDid.swift */,
				B126184222DDE10B0055D357 /* WhatMistake.swift */,
				B126184422DDE1300055D357 /* WhatImprove.swift */,
				B126184622DDE1610055D357 /* FutureNote.swift */,
				B126183022DCB8B30055D357 /* Feeling.swift */,
				B126182E22DC856E0055D357 /* CreateJournal.swift */,
				0477A80F22CA1117002C4AC5 /* Assets.xcassets */,
				B126184822DDE3970055D357 /* Rectangle.png */,
				B126183C22DDD2280055D357 /* Button Next.png */,
				B126183A22DDCE8F0055D357 /* CJ - Centering (First).png */,
				B126183422DDC50B0055D357 /* ayam.jpg */,
				0477A81122CA1117002C4AC5 /* LaunchScreen.storyboard */,
				0477A81422CA1117002C4AC5 /* Info.plist */,
				043DD51822D89B51003EF0D2 /* CalemoData.xcdatamodeld */,
			);
			path = CalemoProject;
			sourceTree = "<group>";
		};
		04E3A1A822D8370D008D99FF /* GraphController */ = {
			isa = PBXGroup;
			children = (
				04E3A1AC22D8374B008D99FF /* Model */,
				04E3A1AD22D83751008D99FF /* View */,
				04E3A1AB22D83743008D99FF /* Controller */,
			);
			path = GraphController;
			sourceTree = "<group>";
		};
		04E3A1AB22D83743008D99FF /* Controller */ = {
			isa = PBXGroup;
			children = (
				04E3A1A922D83735008D99FF /* GraphViewController.swift */,
				043DD51422D8688C003EF0D2 /* BarChartViewController.swift */,
			);
			path = Controller;
			sourceTree = "<group>";
		};
		04E3A1AC22D8374B008D99FF /* Model */ = {
			isa = PBXGroup;
			children = (
			);
			path = Model;
			sourceTree = "<group>";
		};
		04E3A1AD22D83751008D99FF /* View */ = {
			isa = PBXGroup;
			children = (
				04E3A1AE22D83775008D99FF /* GraphStoryBoard.storyboard */,
				043DD51022D85C20003EF0D2 /* BarStoryBoard.storyboard */,
			);
			path = View;
			sourceTree = "<group>";
		};
		1558F69F34EE5C82BB409187 /* Frameworks */ = {
			isa = PBXGroup;
			children = (
				8CC373D9418D86D08B02A745 /* Pods_CalemoProject.framework */,
			);
			name = Frameworks;
			sourceTree = "<group>";
		};
		B37650E2B740710449DF5138 /* Pods */ = {
			isa = PBXGroup;
			children = (
				C963EE84D267DB01C470058B /* Pods-CalemoProject.debug.xcconfig */,
				08D7CC9B36F25520F8A648B7 /* Pods-CalemoProject.release.xcconfig */,
			);
			path = Pods;
			sourceTree = "<group>";
		};
/* End PBXGroup section */

/* Begin PBXNativeTarget section */
		0477A80422CA1114002C4AC5 /* CalemoProject */ = {
			isa = PBXNativeTarget;
			buildConfigurationList = 0477A81722CA1117002C4AC5 /* Build configuration list for PBXNativeTarget "CalemoProject" */;
			buildPhases = (
				1BAB288118E446627BE2C5CE /* [CP] Check Pods Manifest.lock */,
				0477A80122CA1114002C4AC5 /* Sources */,
				0477A80222CA1114002C4AC5 /* Frameworks */,
				0477A80322CA1114002C4AC5 /* Resources */,
				5921BB05EE86DB300B493AA4 /* [CP] Embed Pods Frameworks */,
			);
			buildRules = (
			);
			dependencies = (
			);
			name = CalemoProject;
			productName = CalemoProject;
			productReference = 0477A80522CA1114002C4AC5 /* CalemoProject.app */;
			productType = "com.apple.product-type.application";
		};
/* End PBXNativeTarget section */

/* Begin PBXProject section */
		0477A7FD22CA1114002C4AC5 /* Project object */ = {
			isa = PBXProject;
			attributes = {
				LastSwiftUpdateCheck = 1020;
				LastUpgradeCheck = 1020;
				ORGANIZATIONNAME = nandamochammad;
				TargetAttributes = {
					0477A80422CA1114002C4AC5 = {
						CreatedOnToolsVersion = 10.2.1;
					};
				};
			};
			buildConfigurationList = 0477A80022CA1114002C4AC5 /* Build configuration list for PBXProject "CalemoProject" */;
			compatibilityVersion = "Xcode 9.3";
			developmentRegion = en;
			hasScannedForEncodings = 0;
			knownRegions = (
				en,
				Base,
			);
			mainGroup = 0477A7FC22CA1114002C4AC5;
			productRefGroup = 0477A80622CA1114002C4AC5 /* Products */;
			projectDirPath = "";
			projectRoot = "";
			targets = (
				0477A80422CA1114002C4AC5 /* CalemoProject */,
			);
		};
/* End PBXProject section */

/* Begin PBXResourcesBuildPhase section */
		0477A80322CA1114002C4AC5 /* Resources */ = {
			isa = PBXResourcesBuildPhase;
			buildActionMask = 2147483647;
			files = (
				04E3A1AF22D83775008D99FF /* GraphStoryBoard.storyboard in Resources */,
				043DD51122D85C20003EF0D2 /* BarStoryBoard.storyboard in Resources */,
				0477A81322CA1117002C4AC5 /* LaunchScreen.storyboard in Resources */,
				B126183D22DDD2280055D357 /* Button Next.png in Resources */,
				B126183B22DDCE8F0055D357 /* CJ - Centering (First).png in Resources */,
				0477A81022CA1117002C4AC5 /* Assets.xcassets in Resources */,
				0477A80E22CA1114002C4AC5 /* Main.storyboard in Resources */,
				B126183522DDC50B0055D357 /* ayam.jpg in Resources */,
				B126184922DDE3970055D357 /* Rectangle.png in Resources */,
			);
			runOnlyForDeploymentPostprocessing = 0;
		};
/* End PBXResourcesBuildPhase section */

/* Begin PBXShellScriptBuildPhase section */
		1BAB288118E446627BE2C5CE /* [CP] Check Pods Manifest.lock */ = {
			isa = PBXShellScriptBuildPhase;
			buildActionMask = 2147483647;
			files = (
			);
			inputFileListPaths = (
			);
			inputPaths = (
				"${PODS_PODFILE_DIR_PATH}/Podfile.lock",
				"${PODS_ROOT}/Manifest.lock",
			);
			name = "[CP] Check Pods Manifest.lock";
			outputFileListPaths = (
			);
			outputPaths = (
				"$(DERIVED_FILE_DIR)/Pods-CalemoProject-checkManifestLockResult.txt",
			);
			runOnlyForDeploymentPostprocessing = 0;
			shellPath = /bin/sh;
			shellScript = "diff \"${PODS_PODFILE_DIR_PATH}/Podfile.lock\" \"${PODS_ROOT}/Manifest.lock\" > /dev/null\nif [ $? != 0 ] ; then\n    # print error to STDERR\n    echo \"error: The sandbox is not in sync with the Podfile.lock. Run 'pod install' or update your CocoaPods installation.\" >&2\n    exit 1\nfi\n# This output is used by Xcode 'outputs' to avoid re-running this script phase.\necho \"SUCCESS\" > \"${SCRIPT_OUTPUT_FILE_0}\"\n";
			showEnvVarsInLog = 0;
		};
		5921BB05EE86DB300B493AA4 /* [CP] Embed Pods Frameworks */ = {
			isa = PBXShellScriptBuildPhase;
			buildActionMask = 2147483647;
			files = (
			);
			inputFileListPaths = (
				"${PODS_ROOT}/Target Support Files/Pods-CalemoProject/Pods-CalemoProject-frameworks-${CONFIGURATION}-input-files.xcfilelist",
			);
			name = "[CP] Embed Pods Frameworks";
			outputFileListPaths = (
				"${PODS_ROOT}/Target Support Files/Pods-CalemoProject/Pods-CalemoProject-frameworks-${CONFIGURATION}-output-files.xcfilelist",
			);
			runOnlyForDeploymentPostprocessing = 0;
			shellPath = /bin/sh;
			shellScript = "\"${PODS_ROOT}/Target Support Files/Pods-CalemoProject/Pods-CalemoProject-frameworks.sh\"\n";
			showEnvVarsInLog = 0;
		};
/* End PBXShellScriptBuildPhase section */

/* Begin PBXSourcesBuildPhase section */
		0477A80122CA1114002C4AC5 /* Sources */ = {
			isa = PBXSourcesBuildPhase;
			buildActionMask = 2147483647;
			files = (
				B126184522DDE1300055D357 /* WhatImprove.swift in Sources */,
				B126180D22DB76270055D357 /* CalemoCollectionViewCell.swift in Sources */,
				B126182F22DC856E0055D357 /* CreateJournal.swift in Sources */,
				0477A80B22CA1114002C4AC5 /* ListJournal.swift in Sources */,
				0477A80922CA1114002C4AC5 /* AppDelegate.swift in Sources */,
				B126184122DDE0C40055D357 /* WhatDid.swift in Sources */,
				B126183122DCB8B30055D357 /* Feeling.swift in Sources */,
				B126184322DDE10B0055D357 /* WhatMistake.swift in Sources */,
				B126184722DDE1610055D357 /* FutureNote.swift in Sources */,
				B126183F22DDDFD40055D357 /* Cause.swift in Sources */,
			);
			runOnlyForDeploymentPostprocessing = 0;
		};
/* End PBXSourcesBuildPhase section */

/* Begin PBXVariantGroup section */
		0477A81122CA1117002C4AC5 /* LaunchScreen.storyboard */ = {
			isa = PBXVariantGroup;
			children = (
				0477A81222CA1117002C4AC5 /* Base */,
			);
			name = LaunchScreen.storyboard;
			sourceTree = "<group>";
		};
/* End PBXVariantGroup section */

/* Begin XCBuildConfiguration section */
		0477A81522CA1117002C4AC5 /* Debug */ = {
			isa = XCBuildConfiguration;
			buildSettings = {
				ALWAYS_SEARCH_USER_PATHS = NO;
				CLANG_ANALYZER_NONNULL = YES;
				CLANG_ANALYZER_NUMBER_OBJECT_CONVERSION = YES_AGGRESSIVE;
				CLANG_CXX_LANGUAGE_STANDARD = "gnu++14";
				CLANG_CXX_LIBRARY = "libc++";
				CLANG_ENABLE_MODULES = YES;
				CLANG_ENABLE_OBJC_ARC = YES;
				CLANG_ENABLE_OBJC_WEAK = YES;
				CLANG_WARN_BLOCK_CAPTURE_AUTORELEASING = YES;
				CLANG_WARN_BOOL_CONVERSION = YES;
				CLANG_WARN_COMMA = YES;
				CLANG_WARN_CONSTANT_CONVERSION = YES;
				CLANG_WARN_DEPRECATED_OBJC_IMPLEMENTATIONS = YES;
				CLANG_WARN_DIRECT_OBJC_ISA_USAGE = YES_ERROR;
				CLANG_WARN_DOCUMENTATION_COMMENTS = YES;
				CLANG_WARN_EMPTY_BODY = YES;
				CLANG_WARN_ENUM_CONVERSION = YES;
				CLANG_WARN_INFINITE_RECURSION = YES;
				CLANG_WARN_INT_CONVERSION = YES;
				CLANG_WARN_NON_LITERAL_NULL_CONVERSION = YES;
				CLANG_WARN_OBJC_IMPLICIT_RETAIN_SELF = YES;
				CLANG_WARN_OBJC_LITERAL_CONVERSION = YES;
				CLANG_WARN_OBJC_ROOT_CLASS = YES_ERROR;
				CLANG_WARN_RANGE_LOOP_ANALYSIS = YES;
				CLANG_WARN_STRICT_PROTOTYPES = YES;
				CLANG_WARN_SUSPICIOUS_MOVE = YES;
				CLANG_WARN_UNGUARDED_AVAILABILITY = YES_AGGRESSIVE;
				CLANG_WARN_UNREACHABLE_CODE = YES;
				CLANG_WARN__DUPLICATE_METHOD_MATCH = YES;
				CODE_SIGN_IDENTITY = "iPhone Developer";
				COPY_PHASE_STRIP = NO;
				DEBUG_INFORMATION_FORMAT = dwarf;
				ENABLE_STRICT_OBJC_MSGSEND = YES;
				ENABLE_TESTABILITY = YES;
				GCC_C_LANGUAGE_STANDARD = gnu11;
				GCC_DYNAMIC_NO_PIC = NO;
				GCC_NO_COMMON_BLOCKS = YES;
				GCC_OPTIMIZATION_LEVEL = 0;
				GCC_PREPROCESSOR_DEFINITIONS = (
					"DEBUG=1",
					"$(inherited)",
				);
				GCC_WARN_64_TO_32_BIT_CONVERSION = YES;
				GCC_WARN_ABOUT_RETURN_TYPE = YES_ERROR;
				GCC_WARN_UNDECLARED_SELECTOR = YES;
				GCC_WARN_UNINITIALIZED_AUTOS = YES_AGGRESSIVE;
				GCC_WARN_UNUSED_FUNCTION = YES;
				GCC_WARN_UNUSED_VARIABLE = YES;
				IPHONEOS_DEPLOYMENT_TARGET = 12.2;
				MTL_ENABLE_DEBUG_INFO = INCLUDE_SOURCE;
				MTL_FAST_MATH = YES;
				ONLY_ACTIVE_ARCH = YES;
				SDKROOT = iphoneos;
				SWIFT_ACTIVE_COMPILATION_CONDITIONS = DEBUG;
				SWIFT_OPTIMIZATION_LEVEL = "-Onone";
			};
			name = Debug;
		};
		0477A81622CA1117002C4AC5 /* Release */ = {
			isa = XCBuildConfiguration;
			buildSettings = {
				ALWAYS_SEARCH_USER_PATHS = NO;
				CLANG_ANALYZER_NONNULL = YES;
				CLANG_ANALYZER_NUMBER_OBJECT_CONVERSION = YES_AGGRESSIVE;
				CLANG_CXX_LANGUAGE_STANDARD = "gnu++14";
				CLANG_CXX_LIBRARY = "libc++";
				CLANG_ENABLE_MODULES = YES;
				CLANG_ENABLE_OBJC_ARC = YES;
				CLANG_ENABLE_OBJC_WEAK = YES;
				CLANG_WARN_BLOCK_CAPTURE_AUTORELEASING = YES;
				CLANG_WARN_BOOL_CONVERSION = YES;
				CLANG_WARN_COMMA = YES;
				CLANG_WARN_CONSTANT_CONVERSION = YES;
				CLANG_WARN_DEPRECATED_OBJC_IMPLEMENTATIONS = YES;
				CLANG_WARN_DIRECT_OBJC_ISA_USAGE = YES_ERROR;
				CLANG_WARN_DOCUMENTATION_COMMENTS = YES;
				CLANG_WARN_EMPTY_BODY = YES;
				CLANG_WARN_ENUM_CONVERSION = YES;
				CLANG_WARN_INFINITE_RECURSION = YES;
				CLANG_WARN_INT_CONVERSION = YES;
				CLANG_WARN_NON_LITERAL_NULL_CONVERSION = YES;
				CLANG_WARN_OBJC_IMPLICIT_RETAIN_SELF = YES;
				CLANG_WARN_OBJC_LITERAL_CONVERSION = YES;
				CLANG_WARN_OBJC_ROOT_CLASS = YES_ERROR;
				CLANG_WARN_RANGE_LOOP_ANALYSIS = YES;
				CLANG_WARN_STRICT_PROTOTYPES = YES;
				CLANG_WARN_SUSPICIOUS_MOVE = YES;
				CLANG_WARN_UNGUARDED_AVAILABILITY = YES_AGGRESSIVE;
				CLANG_WARN_UNREACHABLE_CODE = YES;
				CLANG_WARN__DUPLICATE_METHOD_MATCH = YES;
				CODE_SIGN_IDENTITY = "iPhone Developer";
				COPY_PHASE_STRIP = NO;
				DEBUG_INFORMATION_FORMAT = "dwarf-with-dsym";
				ENABLE_NS_ASSERTIONS = NO;
				ENABLE_STRICT_OBJC_MSGSEND = YES;
				GCC_C_LANGUAGE_STANDARD = gnu11;
				GCC_NO_COMMON_BLOCKS = YES;
				GCC_WARN_64_TO_32_BIT_CONVERSION = YES;
				GCC_WARN_ABOUT_RETURN_TYPE = YES_ERROR;
				GCC_WARN_UNDECLARED_SELECTOR = YES;
				GCC_WARN_UNINITIALIZED_AUTOS = YES_AGGRESSIVE;
				GCC_WARN_UNUSED_FUNCTION = YES;
				GCC_WARN_UNUSED_VARIABLE = YES;
				IPHONEOS_DEPLOYMENT_TARGET = 12.2;
				MTL_ENABLE_DEBUG_INFO = NO;
				MTL_FAST_MATH = YES;
				SDKROOT = iphoneos;
				SWIFT_COMPILATION_MODE = wholemodule;
				SWIFT_OPTIMIZATION_LEVEL = "-O";
				VALIDATE_PRODUCT = YES;
			};
			name = Release;
		};
		0477A81822CA1117002C4AC5 /* Debug */ = {
			isa = XCBuildConfiguration;
			baseConfigurationReference = C963EE84D267DB01C470058B /* Pods-CalemoProject.debug.xcconfig */;
			buildSettings = {
				ASSETCATALOG_COMPILER_APPICON_NAME = AppIcon;
				CODE_SIGN_STYLE = Automatic;
				DEVELOPMENT_TEAM = 9NAU7R3577;
				INFOPLIST_FILE = CalemoProject/Info.plist;
				LD_RUNPATH_SEARCH_PATHS = (
					"$(inherited)",
					"@executable_path/Frameworks",
				);
				PRODUCT_BUNDLE_IDENTIFIER = com.nandamochammad.CalemoProject;
				PRODUCT_NAME = "$(TARGET_NAME)";
				SWIFT_VERSION = 5.0;
				TARGETED_DEVICE_FAMILY = "1,2";
			};
			name = Debug;
		};
		0477A81922CA1117002C4AC5 /* Release */ = {
			isa = XCBuildConfiguration;
			baseConfigurationReference = 08D7CC9B36F25520F8A648B7 /* Pods-CalemoProject.release.xcconfig */;
			buildSettings = {
				ASSETCATALOG_COMPILER_APPICON_NAME = AppIcon;
				CODE_SIGN_STYLE = Automatic;
				DEVELOPMENT_TEAM = 9NAU7R3577;
				INFOPLIST_FILE = CalemoProject/Info.plist;
				LD_RUNPATH_SEARCH_PATHS = (
					"$(inherited)",
					"@executable_path/Frameworks",
				);
				PRODUCT_BUNDLE_IDENTIFIER = com.nandamochammad.CalemoProject;
				PRODUCT_NAME = "$(TARGET_NAME)";
				SWIFT_VERSION = 5.0;
				TARGETED_DEVICE_FAMILY = "1,2";
			};
			name = Release;
		};
/* End XCBuildConfiguration section */

/* Begin XCConfigurationList section */
		0477A80022CA1114002C4AC5 /* Build configuration list for PBXProject "CalemoProject" */ = {
			isa = XCConfigurationList;
			buildConfigurations = (
				0477A81522CA1117002C4AC5 /* Debug */,
				0477A81622CA1117002C4AC5 /* Release */,
			);
			defaultConfigurationIsVisible = 0;
			defaultConfigurationName = Release;
		};
		0477A81722CA1117002C4AC5 /* Build configuration list for PBXNativeTarget "CalemoProject" */ = {
			isa = XCConfigurationList;
			buildConfigurations = (
				0477A81822CA1117002C4AC5 /* Debug */,
				0477A81922CA1117002C4AC5 /* Release */,
			);
			defaultConfigurationIsVisible = 0;
			defaultConfigurationName = Release;
		};
/* End XCConfigurationList section */

/* Begin XCVersionGroup section */
		043DD51822D89B51003EF0D2 /* CalemoData.xcdatamodeld */ = {
			isa = XCVersionGroup;
			children = (
				043DD51922D89B51003EF0D2 /* CalemoData.xcdatamodel */,
			);
			currentVersion = 043DD51922D89B51003EF0D2 /* CalemoData.xcdatamodel */;
			path = CalemoData.xcdatamodeld;
			sourceTree = "<group>";
			versionGroupType = wrapper.xcdatamodel;
		};
/* End XCVersionGroup section */
	};
	rootObject = 0477A7FD22CA1114002C4AC5 /* Project object */;
}
